
Microsoft Visual Studio Solution File, Format Version 12.00
# Visual Studio 15
VisualStudioVersion = 15.0.28307.329
MinimumVisualStudioVersion = 10.0.40219.1
Project("{FAE04EC0-301F-11D3-BF4B-00C04F79EFBC}") = "UI", "UI\UI.csproj", "{C01041A7-1E1B-425D-AB42-34304AD22E39}"
EndProject
Project("{FAE04EC0-301F-11D3-BF4B-00C04F79EFBC}") = "BL", "BL\BL.csproj", "{5317F310-178E-4A72-91EA-2C9C853A3A2B}"
EndProject
Project("{FAE04EC0-301F-11D3-BF4B-00C04F79EFBC}") = "DAL", "DAL\DAL.csproj", "{5A2C1CC2-D482-4513-9F53-B8F312624D86}"
EndProject
Global
	GlobalSection(SolutionConfigurationPlatforms) = preSolution
		Debug|Any CPU = Debug|Any CPU
		Release|Any CPU = Release|Any CPU
	EndGlobalSection
	GlobalSection(ProjectConfigurationPlatforms) = postSolution
		{C01041A7-1E1B-425D-AB42-34304AD22E39}.Debug|Any CPU.ActiveCfg = Debug|Any CPU
		{C01041A7-1E1B-425D-AB42-34304AD22E39}.Debug|Any CPU.Build.0 = Debug|Any CPU
		{C01041A7-1E1B-425D-AB42-34304AD22E39}.Release|Any CPU.ActiveCfg = Release|Any CPU
		{C01041A7-1E1B-425D-AB42-34304AD22E39}.Release|Any CPU.Build.0 = Release|Any CPU
		{5317F310-178E-4A72-91EA-2C9C853A3A2B}.Debug|Any CPU.ActiveCfg = Debug|Any CPU
		{5317F310-178E-4A72-91EA-2C9C853A3A2B}.Debug|Any CPU.Build.0 = Debug|Any CPU
		{5317F310-178E-4A72-91EA-2C9C853A3A2B}.Release|Any CPU.ActiveCfg = Release|Any CPU
		{5317F310-178E-4A72-91EA-2C9C853A3A2B}.Release|Any CPU.Build.0 = Release|Any CPU
		{5A2C1CC2-D482-4513-9F53-B8F312624D86}.Debug|Any CPU.ActiveCfg = Debug|Any CPU
		{5A2C1CC2-D482-4513-9F53-B8F312624D86}.Debug|Any CPU.Build.0 = Debug|Any CPU
		{5A2C1CC2-D482-4513-9F53-B8F312624D86}.Release|Any CPU.ActiveCfg = Release|Any CPU
		{5A2C1CC2-D482-4513-9F53-B8F312624D86}.Release|Any CPU.Build.0 = Release|Any CPU
	EndGlobalSection
	GlobalSection(SolutionProperties) = preSolution
		HideSolutionNode = FALSE
	EndGlobalSection
	GlobalSection(ExtensibilityGlobals) = postSolution
		SolutionGuid = {7CAC858C-99A7-4BCC-B59C-25064AA4F72E}
	EndGlobalSection
EndGlobal
